# THIS IS AN AUTOGENERATED FILE. DO NOT EDIT THIS FILE DIRECTLY.
# yarn lockfile v1


"aabb-3d@github:andyhall/aabb-3d":
  version "0.2.1"
  resolved "https://codeload.github.com/andyhall/aabb-3d/tar.gz/6b0fb3ce72d4e8e5e8fb3e4b3581a194d952b8fa"
  dependencies:
    gl-vec3 "^1.0.3"

argparse@^1.0.7:
  version "1.0.9"
  resolved "https://registry.yarnpkg.com/argparse/-/argparse-1.0.9.tgz#73d83bc263f86e97f8cc4f6bae1b0e90a7d22c86"
  dependencies:
    sprintf-js "~1.0.2"

"async@>= 0.1.18":
  version "2.5.0"
  resolved "https://registry.yarnpkg.com/async/-/async-2.5.0.tgz#843190fd6b7357a0b9e1c956edddd5ec8462b54d"
  dependencies:
    lodash "^4.14.0"

binary-search-bounds@^1.0.0:
  version "1.0.0"
  resolved "https://registry.yarnpkg.com/binary-search-bounds/-/binary-search-bounds-1.0.0.tgz#323ca317e3f2a40f4244c7255f5384a5b207bb69"

bit-twiddle@^1.0.0, bit-twiddle@^1.0.2:
  version "1.0.2"
  resolved "https://registry.yarnpkg.com/bit-twiddle/-/bit-twiddle-1.0.2.tgz#0c6c1fabe2b23d17173d9a61b7b7093eb9e1769e"

box-intersect@^1.0.1:
  version "1.0.1"
  resolved "https://registry.yarnpkg.com/box-intersect/-/box-intersect-1.0.1.tgz#b728a59e3f1a3c73c224933c2660b927aa137902"
  dependencies:
    bit-twiddle "^1.0.2"
    typedarray-pool "^1.1.0"

"coffee-script@>= 1.3.3":
  version "1.12.7"
  resolved "https://registry.yarnpkg.com/coffee-script/-/coffee-script-1.12.7.tgz#c05dae0cb79591d05b3070a8433a98c9a89ccc53"

"commander@>= 0.6.0":
  version "2.11.0"
  resolved "https://registry.yarnpkg.com/commander/-/commander-2.11.0.tgz#157152fd1e7a6c8d98a5b715cf376df928004563"

commander@~2.9.0:
  version "2.9.0"
  resolved "https://registry.yarnpkg.com/commander/-/commander-2.9.0.tgz#9c99094176e12240cb22d6c5146098400fe0f7d4"
  dependencies:
    graceful-readlink ">= 1.0.0"

domready@^1.0.5:
  version "1.0.8"
  resolved "https://registry.yarnpkg.com/domready/-/domready-1.0.8.tgz#91f252e597b65af77e745ae24dd0185d5e26d58c"

"dox@https://github.com/visionmedia/dox/tarball/master":
  version "0.9.0"
  resolved "https://github.com/visionmedia/dox/tarball/master#77a580be1f81ef32b96a7688520761ff795e88a7"
  dependencies:
    commander "~2.9.0"
    jsdoctypeparser "^1.2.0"
    markdown-it "~7.0.0"

dup@^1.0.0:
  version "1.0.0"
  resolved "https://registry.yarnpkg.com/dup/-/dup-1.0.0.tgz#51fc5ac685f8196469df0b905e934b20af5b4029"

"ejs@>= 0.7.2 <2.0.0":
  version "1.0.0"
  resolved "https://registry.yarnpkg.com/ejs/-/ejs-1.0.0.tgz#c9c60a48a46ee452fb32a71c317b95e5aa1fcb3d"

ent-comp@^0.6.0:
  version "0.6.0"
  resolved "https://registry.yarnpkg.com/ent-comp/-/ent-comp-0.6.0.tgz#62f0f036af62ad60fa31bec7739338a01979c894"

entities@~1.1.1:
  version "1.1.1"
  resolved "https://registry.yarnpkg.com/entities/-/entities-1.1.1.tgz#6e5c2d0a5621b5dadaecef80b90edfb5cd7772f0"

extend@^3.0.0:
  version "3.0.1"
  resolved "https://registry.yarnpkg.com/extend/-/extend-3.0.1.tgz#a755ea7bc1adfcc5a31ce7e762dbaadc5e636444"

fast-voxel-raycast@^0.1.1:
  version "0.1.1"
  resolved "https://registry.yarnpkg.com/fast-voxel-raycast/-/fast-voxel-raycast-0.1.1.tgz#857fc1c39fb20bb309f8032bb649eb1fa9869b5f"

game-inputs@^0.2.0:
  version "0.2.2"
  resolved "https://registry.yarnpkg.com/game-inputs/-/game-inputs-0.2.2.tgz#0a9c3782f79b343cc4cadc4a9990f30909a7660c"
  dependencies:
    vkey "^1.0.0"

game-shell@andyhall/game-shell:
  version "1.3.2"
  resolved "https://codeload.github.com/andyhall/game-shell/tar.gz/4e07d37a029421c100ae9328ffa273583591b93b"
  dependencies:
    binary-search-bounds "^1.0.0"
    domready "^1.0.5"
    invert-hash "~0.0.0"
    iota-array "^1.0.0"
    uniq "^1.0.0"
    vkey "~0.0.2"

gl-vec3@^1.0.3:
  version "1.0.3"
  resolved "https://registry.yarnpkg.com/gl-vec3/-/gl-vec3-1.0.3.tgz#110fd897d0729f6398307381567d0944941bf22b"

"graceful-readlink@>= 1.0.0":
  version "1.0.1"
  resolved "https://registry.yarnpkg.com/graceful-readlink/-/graceful-readlink-1.0.1.tgz#4cafad76bc62f02fa039b2f94e9a3dd3a391a725"

"iced-coffee-script@>= 1.3.3d":
  version "108.0.11"
  resolved "https://registry.yarnpkg.com/iced-coffee-script/-/iced-coffee-script-108.0.11.tgz#1d71ff93c9049728a6468385aa9bc891fd74c58f"
  dependencies:
    iced-runtime ">=0.0.1"

iced-runtime@>=0.0.1:
  version "1.0.3"
  resolved "https://registry.yarnpkg.com/iced-runtime/-/iced-runtime-1.0.3.tgz#2d4f4fb999ab7aa5430b193c77a7fce4118319ce"

invert-hash@~0.0.0:
  version "0.0.0"
  resolved "https://registry.yarnpkg.com/invert-hash/-/invert-hash-0.0.0.tgz#754159aa8bf9fe08be1f1dca141787b7ab64fa77"

iota-array@^1.0.0:
  version "1.0.0"
  resolved "https://registry.yarnpkg.com/iota-array/-/iota-array-1.0.0.tgz#81ef57fe5d05814cd58c2483632a99c30a0e8087"

is-buffer@^1.0.2:
  version "1.1.5"
  resolved "https://registry.yarnpkg.com/is-buffer/-/is-buffer-1.1.5.tgz#1f3b26ef613b214b88cbca23cc6c01d87961eecc"

jsdoctypeparser@^1.2.0:
  version "1.2.0"
  resolved "https://registry.yarnpkg.com/jsdoctypeparser/-/jsdoctypeparser-1.2.0.tgz#e7dedc153a11849ffc5141144ae86a7ef0c25392"
  dependencies:
    lodash "^3.7.0"

linkify-it@^2.0.0:
  version "2.0.3"
  resolved "https://registry.yarnpkg.com/linkify-it/-/linkify-it-2.0.3.tgz#d94a4648f9b1c179d64fa97291268bdb6ce9434f"
  dependencies:
    uc.micro "^1.0.1"

lodash@^3.7.0:
  version "3.10.1"
  resolved "https://registry.yarnpkg.com/lodash/-/lodash-3.10.1.tgz#5bf45e8e49ba4189e17d482789dfd15bd140b7b6"

lodash@^4.14.0:
  version "4.17.4"
  resolved "https://registry.yarnpkg.com/lodash/-/lodash-4.17.4.tgz#78203a4d1c328ae1d86dca6460e369b57f4055ae"

markdown-it@~7.0.0:
  version "7.0.1"
  resolved "https://registry.yarnpkg.com/markdown-it/-/markdown-it-7.0.1.tgz#f12d8b88a93e64254348dfd183bd70bf60567a42"
  dependencies:
    argparse "^1.0.7"
    entities "~1.1.1"
    linkify-it "^2.0.0"
    mdurl "^1.0.1"
    uc.micro "^1.0.1"

markdox@^0.1.10:
  version "0.1.10"
  resolved "https://registry.yarnpkg.com/markdox/-/markdox-0.1.10.tgz#90b64b35ab703a00f18384578cee8ae12f3649cb"
  dependencies:
    async ">= 0.1.18"
    coffee-script ">= 1.3.3"
    commander ">= 0.6.0"
    dox "https://github.com/visionmedia/dox/tarball/master"
    ejs ">= 0.7.2 <2.0.0"
    iced-coffee-script ">= 1.3.3d"
    underscore ">= 1.3.3"

mdurl@^1.0.1:
  version "1.0.1"
  resolved "https://registry.yarnpkg.com/mdurl/-/mdurl-1.0.1.tgz#fe85b2ec75a59037f2adfec100fd6c601761152e"

ndarray-hash@^1.0.0:
  version "1.0.0"
  resolved "https://registry.yarnpkg.com/ndarray-hash/-/ndarray-hash-1.0.0.tgz#7bd946b4d3b964b55ed3cac78055de015e59a3be"
  dependencies:
    ndarray "^1.0.18"

ndarray@^1.0.16, ndarray@^1.0.18:
  version "1.0.18"
  resolved "https://registry.yarnpkg.com/ndarray/-/ndarray-1.0.18.tgz#b60d3a73224ec555d0faa79711e502448fd3f793"
  dependencies:
    iota-array "^1.0.0"
    is-buffer "^1.0.2"

sprintf-js@~1.0.2:
  version "1.0.3"
  resolved "https://registry.yarnpkg.com/sprintf-js/-/sprintf-js-1.0.3.tgz#04e6926f662895354f3dd015203633b857297e2c"

typedarray-pool@^1.1.0:
  version "1.1.0"
  resolved "https://registry.yarnpkg.com/typedarray-pool/-/typedarray-pool-1.1.0.tgz#d114f484801489f53ecab5e8088aa23044f498d9"
  dependencies:
    bit-twiddle "^1.0.0"
    dup "^1.0.0"

uc.micro@^1.0.1:
  version "1.0.3"
  resolved "https://registry.yarnpkg.com/uc.micro/-/uc.micro-1.0.3.tgz#7ed50d5e0f9a9fb0a573379259f2a77458d50192"

"underscore@>= 1.3.3":
  version "1.8.3"
  resolved "https://registry.yarnpkg.com/underscore/-/underscore-1.8.3.tgz#4f3fb53b106e6097fcf9cb4109f2a5e9bdfa5022"

uniq@^1.0.0:
  version "1.0.1"
  resolved "https://registry.yarnpkg.com/uniq/-/uniq-1.0.1.tgz#b31c5ae8254844a3a8281541ce2b04b865a734ff"

vkey@^1.0.0:
  version "1.0.1"
  resolved "https://registry.yarnpkg.com/vkey/-/vkey-1.0.1.tgz#71c56acb759e80321c95d616c2b7fc55059181c0"

vkey@~0.0.2:
  version "0.0.3"
  resolved "https://registry.yarnpkg.com/vkey/-/vkey-0.0.3.tgz#634dd7952eb2c11531bf1859f0e6d419478033df"

voxel-aabb-sweep@^0.5.0:
  version "0.5.0"
  resolved "https://registry.yarnpkg.com/voxel-aabb-sweep/-/voxel-aabb-sweep-0.5.0.tgz#af4246eed88f15978390832251733067667e3a8b"

voxel-physics-engine@^0.7.4:
  version "0.7.4"
  resolved "https://registry.yarnpkg.com/voxel-physics-engine/-/voxel-physics-engine-0.7.4.tgz#3997f2165e4b3421967fa17563d5021402069e92"
  dependencies:
    aabb-3d "github:andyhall/aabb-3d"
    extend "^3.0.0"
    gl-vec3 "^1.0.3"
    voxel-aabb-sweep "^0.5.0"
